
Microsoft Visual Studio Solution File, Format Version 12.00
# Visual Studio Version 17
VisualStudioVersion = 17.5.33414.496
MinimumVisualStudioVersion = 10.0.40219.1
Project("{FAE04EC0-301F-11D3-BF4B-00C04F79EFBC}") = "BlazorWasmHostedReference.Server", "BlazorWasmHostedReference\Server\BlazorWasmHostedReference.Server.csproj", "{84F90178-8285-427C-8CFF-5ABC8DBFDF04}"
EndProject
Project("{FAE04EC0-301F-11D3-BF4B-00C04F79EFBC}") = "BlazorWasmHostedReference.Client", "BlazorWasmHostedReference\Client\BlazorWasmHostedReference.Client.csproj", "{D8BB075D-6F2B-43FC-8815-6B0ADD62D683}"
EndProject
Project("{FAE04EC0-301F-11D3-BF4B-00C04F79EFBC}") = "BlazorWasmHostedReference.Shared", "BlazorWasmHostedReference\Shared\BlazorWasmHostedReference.Shared.csproj", "{2BEEFD9C-A052-4A78-8369-F227DA7FD57D}"
EndProject
Global
	GlobalSection(SolutionConfigurationPlatforms) = preSolution
		Debug|Any CPU = Debug|Any CPU
		Release|Any CPU = Release|Any CPU
	EndGlobalSection
	GlobalSection(ProjectConfigurationPlatforms) = postSolution
		{84F90178-8285-427C-8CFF-5ABC8DBFDF04}.Debug|Any CPU.ActiveCfg = Debug|Any CPU
		{84F90178-8285-427C-8CFF-5ABC8DBFDF04}.Debug|Any CPU.Build.0 = Debug|Any CPU
		{84F90178-8285-427C-8CFF-5ABC8DBFDF04}.Release|Any CPU.ActiveCfg = Release|Any CPU
		{84F90178-8285-427C-8CFF-5ABC8DBFDF04}.Release|Any CPU.Build.0 = Release|Any CPU
		{D8BB075D-6F2B-43FC-8815-6B0ADD62D683}.Debug|Any CPU.ActiveCfg = Debug|Any CPU
		{D8BB075D-6F2B-43FC-8815-6B0ADD62D683}.Debug|Any CPU.Build.0 = Debug|Any CPU
		{D8BB075D-6F2B-43FC-8815-6B0ADD62D683}.Release|Any CPU.ActiveCfg = Release|Any CPU
		{D8BB075D-6F2B-43FC-8815-6B0ADD62D683}.Release|Any CPU.Build.0 = Release|Any CPU
		{2BEEFD9C-A052-4A78-8369-F227DA7FD57D}.Debug|Any CPU.ActiveCfg = Debug|Any CPU
		{2BEEFD9C-A052-4A78-8369-F227DA7FD57D}.Debug|Any CPU.Build.0 = Debug|Any CPU
		{2BEEFD9C-A052-4A78-8369-F227DA7FD57D}.Release|Any CPU.ActiveCfg = Release|Any CPU
		{2BEEFD9C-A052-4A78-8369-F227DA7FD57D}.Release|Any CPU.Build.0 = Release|Any CPU
	EndGlobalSection
	GlobalSection(SolutionProperties) = preSolution
		HideSolutionNode = FALSE
	EndGlobalSection
	GlobalSection(ExtensibilityGlobals) = postSolution
		SolutionGuid = {2B4561F7-1AF7-4251-B582-A2469D5DB1E1}
	EndGlobalSection
EndGlobal
